{
  "originHash" : "204177c2eff04039d229ad47672cceab1bc09e259c0ebbef8b23b32b4c46e4d5",
  "pins" : [
    {
      "identity" : "alamofire",
      "kind" : "remoteSourceControl",
      "location" : "https://github.com/Alamofire/Alamofire.git",
      "state" : {
        "revision" : "7be73f6c2b5cd90e40798b06ebd5da8f9f79cf88",
        "version" : "5.11.0"
      }
    },
    {
      "identity" : "transpots_networking_ios",
      "kind" : "remoteSourceControl",
      "location" : "https://github.com/Transpots/transpots_networking_ios.git",
      "state" : {
        "revision" : "8483f51c434cf849fc94579c39c272dac3053bb9",
        "version" : "1.0.0"
      }
    }
  ],
  "version" : 3
}
