{
  "originHash" : "e03014840bf3271eda5b5b4ac590bf8b315dfd1a5454c863169c85f5d5137c4a",
  "pins" : [
    {
      "identity" : "alamofire",
      "kind" : "remoteSourceControl",
      "location" : "https://github.com/Alamofire/Alamofire.git",
      "state" : {
        "revision" : "7be73f6c2b5cd90e40798b06ebd5da8f9f79cf88",
        "version" : "5.11.0"
      }
    },
    {
      "identity" : "transpots_networking_ios",
      "kind" : "remoteSourceControl",
      "location" : "https://github.com/Transpots/transpots_networking_ios.git",
      "state" : {
        "revision" : "8483f51c434cf849fc94579c39c272dac3053bb9",
        "version" : "1.0.0"
      }
    },
    {
      "identity" : "transpots_ui_ios",
      "kind" : "remoteSourceControl",
      "location" : "https://github.com/Transpots/transpots_ui_ios",
      "state" : {
        "revision" : "b6cce946f3f3d80c8e00a0aacdec340961aca5ab",
        "version" : "1.0.0"
      }
    }
  ],
  "version" : 3
}
